// !$*UTF8*$!
{
	archiveVersion = 1;
	classes = {
	};
	objectVersion = 50;
	objects = {

/* Begin PBXBuildFile section */
		009676165583198AE3D4B308 /* HomeFeatureResources.bundle in Dependencies */ = {isa = PBXBuildFile; fileRef = 28D456EEFA8078B5B1CCD763 /* HomeFeatureResources.bundle */; };
		03F3ADA00A52D94936737608 /* DIServiceAPI.framework in Dependencies */ = {isa = PBXBuildFile; fileRef = 14D2B4BBBFA6AB8B833F634D /* DIServiceAPI.framework */; };
		1FDD25A4C7EA972C4E95FC42 /* NetworkService.framework in Frameworks */ = {isa = PBXBuildFile; fileRef = 3232122FB15703569DCBEF5B /* NetworkService.framework */; };
		2468A0C6C273A8DAC584E180 /* DIService.framework in Frameworks */ = {isa = PBXBuildFile; fileRef = 701AB6E7E7CC6F4E2727B2CD /* DIService.framework */; };
		38D634D284D0CDB51E4B9796 /* NetworkServiceAPI.framework in Frameworks */ = {isa = PBXBuildFile; fileRef = 5AF4633955448AD1E8739460 /* NetworkServiceAPI.framework */; };
		3AD2B551E594BDDF7E5034CD /* UIHelper.framework in Frameworks */ = {isa = PBXBuildFile; fileRef = CBE17BDB95843067FE5E60B4 /* UIHelper.framework */; };
		3BE86A29F6A25782501D7290 /* UIHelperResources.bundle in Dependencies */ = {isa = PBXBuildFile; fileRef = 21DB41AA8356FBE8BEFDB9F7 /* UIHelperResources.bundle */; };
		3D7D8648D40964D80868E8B0 /* Template.swift in Resources */ = {isa = PBXBuildFile; fileRef = 73C7E7A24867E65D02E0C003 /* Template.swift */; };
		4084115517B4BA6D5859DD35 /* UIHelperResources.bundle in Resources */ = {isa = PBXBuildFile; fileRef = 21DB41AA8356FBE8BEFDB9F7 /* UIHelperResources.bundle */; };
		482AFD0D902EBA02AE4E136F /* DIServiceAPI.framework in Frameworks */ = {isa = PBXBuildFile; fileRef = 14D2B4BBBFA6AB8B833F634D /* DIServiceAPI.framework */; };
		48F9EC6E231EF66CC7EDF7F1 /* NetworkServiceAPI.framework in Dependencies */ = {isa = PBXBuildFile; fileRef = 5AF4633955448AD1E8739460 /* NetworkServiceAPI.framework */; };
		4DDB22EB83EAE3A87258CE4C /* HomeFeatureResources.bundle in Resources */ = {isa = PBXBuildFile; fileRef = 28D456EEFA8078B5B1CCD763 /* HomeFeatureResources.bundle */; };
		54E5C1E39DA3BFD50121DD2B /* Template.swift in Sources */ = {isa = PBXBuildFile; fileRef = DDF3EE98CD562D50D2218A9C /* Template.swift */; };
		5B1D51378A11E01BB695E7D6 /* Bundle+HomeFeatureSample.swift in Sources */ = {isa = PBXBuildFile; fileRef = 9AD3ED9821FBC7F9917CF81D /* Bundle+HomeFeatureSample.swift */; };
		600F5108BB6538B395D3E979 /* NetworkServiceAPI.framework in Frameworks */ = {isa = PBXBuildFile; fileRef = 5AF4633955448AD1E8739460 /* NetworkServiceAPI.framework */; };
		63186C935B6F62E647AD1CE7 /* DIServiceAPI.framework in Frameworks */ = {isa = PBXBuildFile; fileRef = 14D2B4BBBFA6AB8B833F634D /* DIServiceAPI.framework */; };
		77F77F6E80C3F77426DB7FA4 /* Template.swift in Resources */ = {isa = PBXBuildFile; fileRef = AA6D5E863447E2F367BFF30C /* Template.swift */; };
		7F736F1F5C1976305BD808CD /* Template.swift in Resources */ = {isa = PBXBuildFile; fileRef = E376FF340B71EF6F2E1DBA62 /* Template.swift */; };
		94B232F358F6D24F8AB4DA3A /* HomeFeature.framework in Frameworks */ = {isa = PBXBuildFile; fileRef = 8D4F0C22F89FB7B9D3086B8A /* HomeFeature.framework */; };
		9D6693D81F925C452CC30B4F /* Template.swift in Sources */ = {isa = PBXBuildFile; fileRef = 8E658EADEEA54C92D23981AE /* Template.swift */; };
		9ECFCED42CBAFF8E645AB8A3 /* Bundle+HomeFeatureTests.swift in Sources */ = {isa = PBXBuildFile; fileRef = 36D90A0314A43A35EAB67B40 /* Bundle+HomeFeatureTests.swift */; };
		AA13F8E28A4D449B7CDEFF97 /* HomeFeatureResources.bundle in Resources */ = {isa = PBXBuildFile; fileRef = 28D456EEFA8078B5B1CCD763 /* HomeFeatureResources.bundle */; };
		B530A5279B8F455CA90DC563 /* NetworkServiceResources.bundle in Dependencies */ = {isa = PBXBuildFile; fileRef = FD5F8EBE217BC6321A12BEE1 /* NetworkServiceResources.bundle */; };
		BABDB9107BCE27D610E7537E /* HomeFeature.framework in Frameworks */ = {isa = PBXBuildFile; fileRef = 8D4F0C22F89FB7B9D3086B8A /* HomeFeature.framework */; };
		BB2981349A77C562909E08E1 /* HomeBuilder.swift in Sources */ = {isa = PBXBuildFile; fileRef = 58AF1227DEEFC3F2A3DCB532 /* HomeBuilder.swift */; };
		C0D49B3D0D4213C78BAFA956 /* HomeFeatureRouteHandler.swift in Sources */ = {isa = PBXBuildFile; fileRef = ED7F45F622F8DF721653AD7D /* HomeFeatureRouteHandler.swift */; };
		C8B0C6A369B3AA20E5B2E542 /* MainViewController.swift in Sources */ = {isa = PBXBuildFile; fileRef = 4685A6F868C10BF45BAB4831 /* MainViewController.swift */; };
		DECAB30E0630D40C43043321 /* HomeFeatureResources.bundle in Dependencies */ = {isa = PBXBuildFile; fileRef = 28D456EEFA8078B5B1CCD763 /* HomeFeatureResources.bundle */; };
		E1AC468CB3D8CBE137261629 /* Bundle+HomeFeature.swift in Sources */ = {isa = PBXBuildFile; fileRef = 7B26191D2E82CFD959C7744E /* Bundle+HomeFeature.swift */; };
		E8BF264340786EBF24B9AC9F /* FallbackViewController.swift in Sources */ = {isa = PBXBuildFile; fileRef = AA745B0A649D2484930A2E4F /* FallbackViewController.swift */; };
		F7A154A276F0C15A5AC65622 /* NetworkServiceResources.bundle in Resources */ = {isa = PBXBuildFile; fileRef = FD5F8EBE217BC6321A12BEE1 /* NetworkServiceResources.bundle */; };
/* End PBXBuildFile section */

/* Begin PBXContainerItemProxy section */
		7FDD3CA214E08301B51D3390 /* PBXContainerItemProxy */ = {
			isa = PBXContainerItemProxy;
			containerPortal = A3679FE33D4821E934375D6C /* Project object */;
			proxyType = 1;
			remoteGlobalIDString = DA63F18E567CF83B0B9CA9F6;
			remoteInfo = HomeFeature;
		};
		EFDFA88B033ADB2F853956E4 /* PBXContainerItemProxy */ = {
			isa = PBXContainerItemProxy;
			containerPortal = A3679FE33D4821E934375D6C /* Project object */;
			proxyType = 1;
			remoteGlobalIDString = F8E6D08D5C7A46F9B506DDB1;
			remoteInfo = HomeFeatureResources;
		};
		FA2FD52202561226C24CF955 /* PBXContainerItemProxy */ = {
			isa = PBXContainerItemProxy;
			containerPortal = A3679FE33D4821E934375D6C /* Project object */;
			proxyType = 1;
			remoteGlobalIDString = DA63F18E567CF83B0B9CA9F6;
			remoteInfo = HomeFeature;
		};
/* End PBXContainerItemProxy section */

/* Begin PBXCopyFilesBuildPhase section */
		70F2A3C10D40F429A7AEDAE2 /* Dependencies */ = {
			isa = PBXCopyFilesBuildPhase;
			buildActionMask = 8;
			dstSubfolderSpec = 16;
			files = (
				03F3ADA00A52D94936737608 /* DIServiceAPI.framework in Dependencies */,
				48F9EC6E231EF66CC7EDF7F1 /* NetworkServiceAPI.framework in Dependencies */,
			);
			name = Dependencies;
			runOnlyForDeploymentPostprocessing = 1;
		};
		72ED680D36C1A09600F2235F /* Dependencies */ = {
			isa = PBXCopyFilesBuildPhase;
			buildActionMask = 8;
			dstSubfolderSpec = 16;
			files = (
				DECAB30E0630D40C43043321 /* HomeFeatureResources.bundle in Dependencies */,
			);
			name = Dependencies;
			runOnlyForDeploymentPostprocessing = 1;
		};
		C10B5AB571321F2B51109D26 /* Dependencies */ = {
			isa = PBXCopyFilesBuildPhase;
			buildActionMask = 8;
			dstSubfolderSpec = 16;
			files = (
				009676165583198AE3D4B308 /* HomeFeatureResources.bundle in Dependencies */,
				B530A5279B8F455CA90DC563 /* NetworkServiceResources.bundle in Dependencies */,
				3BE86A29F6A25782501D7290 /* UIHelperResources.bundle in Dependencies */,
			);
			name = Dependencies;
			runOnlyForDeploymentPostprocessing = 1;
		};
		C3FBC35DFFFA356DA70363F9 /* Embed Frameworks */ = {
			isa = PBXCopyFilesBuildPhase;
			buildActionMask = 2147483647;
			dstPath = "";
			dstSubfolderSpec = 10;
			files = (
			);
			name = "Embed Frameworks";
			runOnlyForDeploymentPostprocessing = 0;
		};
		C48E99DBFCC0F56F63B23CEE /* Embed Frameworks */ = {
			isa = PBXCopyFilesBuildPhase;
			buildActionMask = 2147483647;
			dstPath = "";
			dstSubfolderSpec = 10;
			files = (
			);
			name = "Embed Frameworks";
			runOnlyForDeploymentPostprocessing = 0;
		};
		C7021F331946583858276BE6 /* Embed Frameworks */ = {
			isa = PBXCopyFilesBuildPhase;
			buildActionMask = 2147483647;
			dstPath = "";
			dstSubfolderSpec = 10;
			files = (
			);
			name = "Embed Frameworks";
			runOnlyForDeploymentPostprocessing = 0;
		};
		D8FB0E46F874E7BB12996E7E /* Embed Frameworks */ = {
			isa = PBXCopyFilesBuildPhase;
			buildActionMask = 2147483647;
			dstPath = "";
			dstSubfolderSpec = 10;
			files = (
			);
			name = "Embed Frameworks";
			runOnlyForDeploymentPostprocessing = 0;
		};
/* End PBXCopyFilesBuildPhase section */

/* Begin PBXFileReference section */
		14D2B4BBBFA6AB8B833F634D /* DIServiceAPI.framework */ = {isa = PBXFileReference; explicitFileType = wrapper.framework; includeInIndex = 0; path = DIServiceAPI.framework; sourceTree = BUILT_PRODUCTS_DIR; };
		164ACFF846A8D65B591F9C2E /* HomeFeatureSample.plist */ = {isa = PBXFileReference; lastKnownFileType = text.plist; path = HomeFeatureSample.plist; sourceTree = "<group>"; };
		21DB41AA8356FBE8BEFDB9F7 /* UIHelperResources.bundle */ = {isa = PBXFileReference; explicitFileType = wrapper.cfbundle; includeInIndex = 0; path = UIHelperResources.bundle; sourceTree = BUILT_PRODUCTS_DIR; };
		270A35A6E17BE5415BB9579E /* HomeFeature.plist */ = {isa = PBXFileReference; lastKnownFileType = text.plist; path = HomeFeature.plist; sourceTree = "<group>"; };
		28D456EEFA8078B5B1CCD763 /* HomeFeatureResources.bundle */ = {isa = PBXFileReference; explicitFileType = wrapper.cfbundle; includeInIndex = 0; path = HomeFeatureResources.bundle; sourceTree = BUILT_PRODUCTS_DIR; };
		3232122FB15703569DCBEF5B /* NetworkService.framework */ = {isa = PBXFileReference; explicitFileType = wrapper.framework; includeInIndex = 0; path = NetworkService.framework; sourceTree = BUILT_PRODUCTS_DIR; };
		36D90A0314A43A35EAB67B40 /* Bundle+HomeFeatureTests.swift */ = {isa = PBXFileReference; lastKnownFileType = sourcecode.swift; path = "Bundle+HomeFeatureTests.swift"; sourceTree = "<group>"; };
		4685A6F868C10BF45BAB4831 /* MainViewController.swift */ = {isa = PBXFileReference; lastKnownFileType = sourcecode.swift; path = MainViewController.swift; sourceTree = "<group>"; };
		58AF1227DEEFC3F2A3DCB532 /* HomeBuilder.swift */ = {isa = PBXFileReference; lastKnownFileType = sourcecode.swift; path = HomeBuilder.swift; sourceTree = "<group>"; };
		5AF4633955448AD1E8739460 /* NetworkServiceAPI.framework */ = {isa = PBXFileReference; explicitFileType = wrapper.framework; includeInIndex = 0; path = NetworkServiceAPI.framework; sourceTree = BUILT_PRODUCTS_DIR; };
		5E4208D83AC5D06F88E1F8A2 /* HomeFeatureResources.plist */ = {isa = PBXFileReference; lastKnownFileType = text.plist; path = HomeFeatureResources.plist; sourceTree = "<group>"; };
		701AB6E7E7CC6F4E2727B2CD /* DIService.framework */ = {isa = PBXFileReference; explicitFileType = wrapper.framework; includeInIndex = 0; path = DIService.framework; sourceTree = BUILT_PRODUCTS_DIR; };
		73C7E7A24867E65D02E0C003 /* Template.swift */ = {isa = PBXFileReference; lastKnownFileType = sourcecode.swift; path = Template.swift; sourceTree = "<group>"; };
		7AFF68CEA163A9DD5189B0D4 /* HomeFeatureSample.app */ = {isa = PBXFileReference; explicitFileType = wrapper.application; includeInIndex = 0; path = HomeFeatureSample.app; sourceTree = BUILT_PRODUCTS_DIR; };
		7B26191D2E82CFD959C7744E /* Bundle+HomeFeature.swift */ = {isa = PBXFileReference; lastKnownFileType = sourcecode.swift; path = "Bundle+HomeFeature.swift"; sourceTree = "<group>"; };
		8D4F0C22F89FB7B9D3086B8A /* HomeFeature.framework */ = {isa = PBXFileReference; explicitFileType = wrapper.framework; includeInIndex = 0; path = HomeFeature.framework; sourceTree = BUILT_PRODUCTS_DIR; };
		8E658EADEEA54C92D23981AE /* Template.swift */ = {isa = PBXFileReference; lastKnownFileType = sourcecode.swift; path = Template.swift; sourceTree = "<group>"; };
		9AD3ED9821FBC7F9917CF81D /* Bundle+HomeFeatureSample.swift */ = {isa = PBXFileReference; lastKnownFileType = sourcecode.swift; path = "Bundle+HomeFeatureSample.swift"; sourceTree = "<group>"; };
		AA6D5E863447E2F367BFF30C /* Template.swift */ = {isa = PBXFileReference; lastKnownFileType = sourcecode.swift; path = Template.swift; sourceTree = "<group>"; };
		AA745B0A649D2484930A2E4F /* FallbackViewController.swift */ = {isa = PBXFileReference; lastKnownFileType = sourcecode.swift; path = FallbackViewController.swift; sourceTree = "<group>"; };
		CBE17BDB95843067FE5E60B4 /* UIHelper.framework */ = {isa = PBXFileReference; explicitFileType = wrapper.framework; includeInIndex = 0; path = UIHelper.framework; sourceTree = BUILT_PRODUCTS_DIR; };
		CE69507F8B23158A783BAADC /* HomeFeatureTests.plist */ = {isa = PBXFileReference; lastKnownFileType = text.plist; path = HomeFeatureTests.plist; sourceTree = "<group>"; };
		D143B66E80414AC4269259BD /* HomeFeatureTests.xctest */ = {isa = PBXFileReference; explicitFileType = wrapper.cfbundle; includeInIndex = 0; path = HomeFeatureTests.xctest; sourceTree = BUILT_PRODUCTS_DIR; };
		DDF3EE98CD562D50D2218A9C /* Template.swift */ = {isa = PBXFileReference; lastKnownFileType = sourcecode.swift; path = Template.swift; sourceTree = "<group>"; };
		E376FF340B71EF6F2E1DBA62 /* Template.swift */ = {isa = PBXFileReference; lastKnownFileType = sourcecode.swift; path = Template.swift; sourceTree = "<group>"; };
		ED7F45F622F8DF721653AD7D /* HomeFeatureRouteHandler.swift */ = {isa = PBXFileReference; lastKnownFileType = sourcecode.swift; path = HomeFeatureRouteHandler.swift; sourceTree = "<group>"; };
		FD5F8EBE217BC6321A12BEE1 /* NetworkServiceResources.bundle */ = {isa = PBXFileReference; explicitFileType = wrapper.cfbundle; includeInIndex = 0; path = NetworkServiceResources.bundle; sourceTree = BUILT_PRODUCTS_DIR; };
/* End PBXFileReference section */

/* Begin PBXFrameworksBuildPhase section */
		554B8008DDBA8B5E9D746B54 /* Frameworks */ = {
			isa = PBXFrameworksBuildPhase;
			buildActionMask = 2147483647;
			files = (
			);
			runOnlyForDeploymentPostprocessing = 0;
		};
		82C5D6A0862D83DC7C56DDF4 /* Frameworks */ = {
			isa = PBXFrameworksBuildPhase;
			buildActionMask = 2147483647;
			files = (
			);
			runOnlyForDeploymentPostprocessing = 0;
		};
		956D47DE046F38C4C78F4E7E /* Frameworks */ = {
			isa = PBXFrameworksBuildPhase;
			buildActionMask = 2147483647;
			files = (
				2468A0C6C273A8DAC584E180 /* DIService.framework in Frameworks */,
				63186C935B6F62E647AD1CE7 /* DIServiceAPI.framework in Frameworks */,
				BABDB9107BCE27D610E7537E /* HomeFeature.framework in Frameworks */,
				1FDD25A4C7EA972C4E95FC42 /* NetworkService.framework in Frameworks */,
				38D634D284D0CDB51E4B9796 /* NetworkServiceAPI.framework in Frameworks */,
				3AD2B551E594BDDF7E5034CD /* UIHelper.framework in Frameworks */,
			);
			runOnlyForDeploymentPostprocessing = 0;
		};
		C3B94196FA29CC0CCE734A0D /* Frameworks */ = {
			isa = PBXFrameworksBuildPhase;
			buildActionMask = 2147483647;
			files = (
				482AFD0D902EBA02AE4E136F /* DIServiceAPI.framework in Frameworks */,
				94B232F358F6D24F8AB4DA3A /* HomeFeature.framework in Frameworks */,
				600F5108BB6538B395D3E979 /* NetworkServiceAPI.framework in Frameworks */,
			);
			runOnlyForDeploymentPostprocessing = 0;
		};
/* End PBXFrameworksBuildPhase section */

/* Begin PBXGroup section */
		046F9A2DCE3FF6AE03EE4317 /* Frameworks */ = {
			isa = PBXGroup;
			children = (
			);
			name = Frameworks;
			sourceTree = "<group>";
		};
		0E3C13BBA6C0DC9F83888636 /* Sources */ = {
			isa = PBXGroup;
			children = (
				DDF3EE98CD562D50D2218A9C /* Template.swift */,
			);
			path = Sources;
			sourceTree = "<group>";
		};
		127C6F0F8B06924BDEC7D2A4 /* HomeFeatureTests */ = {
			isa = PBXGroup;
			children = (
				5032E99486618F93F655FD33 /* Resources */,
				34225A37C1140F6FAFEB9271 /* Sources */,
			);
			path = HomeFeatureTests;
			sourceTree = "<group>";
		};
		19B8BBE08D429E260495A3C7 = {
			isa = PBXGroup;
			children = (
				C8FBE7967827D7381C66C529 /* Project */,
				046F9A2DCE3FF6AE03EE4317 /* Frameworks */,
				6A3099FDF1E334C51D9BD67D /* Products */,
			);
			sourceTree = "<group>";
		};
		34225A37C1140F6FAFEB9271 /* Sources */ = {
			isa = PBXGroup;
			children = (
				8E658EADEEA54C92D23981AE /* Template.swift */,
			);
			path = Sources;
			sourceTree = "<group>";
		};
		3D58B0961CDD3B16BB95BCDD /* Resources */ = {
			isa = PBXGroup;
			children = (
				73C7E7A24867E65D02E0C003 /* Template.swift */,
			);
			path = Resources;
			sourceTree = "<group>";
		};
		5032E99486618F93F655FD33 /* Resources */ = {
			isa = PBXGroup;
			children = (
				E376FF340B71EF6F2E1DBA62 /* Template.swift */,
			);
			path = Resources;
			sourceTree = "<group>";
		};
		63427B5FAA8DC18BAE07BC77 /* Derived */ = {
			isa = PBXGroup;
			children = (
				9DFB6E9A0FC0FCB6B82840C0 /* InfoPlists */,
				D9EFC55322855ADEDE22A54E /* Sources */,
			);
			path = Derived;
			sourceTree = "<group>";
		};
		68B0BB43EF0E4351819D28F6 /* HomeFeatureSample */ = {
			isa = PBXGroup;
			children = (
				A7EF7D93EB8ECF0B838D955C /* Resources */,
				0E3C13BBA6C0DC9F83888636 /* Sources */,
			);
			path = HomeFeatureSample;
			sourceTree = "<group>";
		};
		6A3099FDF1E334C51D9BD67D /* Products */ = {
			isa = PBXGroup;
			children = (
				701AB6E7E7CC6F4E2727B2CD /* DIService.framework */,
				14D2B4BBBFA6AB8B833F634D /* DIServiceAPI.framework */,
				8D4F0C22F89FB7B9D3086B8A /* HomeFeature.framework */,
				28D456EEFA8078B5B1CCD763 /* HomeFeatureResources.bundle */,
				7AFF68CEA163A9DD5189B0D4 /* HomeFeatureSample.app */,
				D143B66E80414AC4269259BD /* HomeFeatureTests.xctest */,
				3232122FB15703569DCBEF5B /* NetworkService.framework */,
				5AF4633955448AD1E8739460 /* NetworkServiceAPI.framework */,
				FD5F8EBE217BC6321A12BEE1 /* NetworkServiceResources.bundle */,
				CBE17BDB95843067FE5E60B4 /* UIHelper.framework */,
				21DB41AA8356FBE8BEFDB9F7 /* UIHelperResources.bundle */,
			);
			name = Products;
			sourceTree = "<group>";
		};
		9DFB6E9A0FC0FCB6B82840C0 /* InfoPlists */ = {
			isa = PBXGroup;
			children = (
				270A35A6E17BE5415BB9579E /* HomeFeature.plist */,
				5E4208D83AC5D06F88E1F8A2 /* HomeFeatureResources.plist */,
				164ACFF846A8D65B591F9C2E /* HomeFeatureSample.plist */,
				CE69507F8B23158A783BAADC /* HomeFeatureTests.plist */,
			);
			path = InfoPlists;
			sourceTree = "<group>";
		};
		A7EF7D93EB8ECF0B838D955C /* Resources */ = {
			isa = PBXGroup;
			children = (
				AA6D5E863447E2F367BFF30C /* Template.swift */,
			);
			path = Resources;
			sourceTree = "<group>";
		};
		C8FBE7967827D7381C66C529 /* Project */ = {
			isa = PBXGroup;
			children = (
				63427B5FAA8DC18BAE07BC77 /* Derived */,
				F45C387154F754C75A260EFC /* HomeFeature */,
				68B0BB43EF0E4351819D28F6 /* HomeFeatureSample */,
				127C6F0F8B06924BDEC7D2A4 /* HomeFeatureTests */,
			);
			name = Project;
			sourceTree = "<group>";
		};
		D69E660010E16ED9C749B3A3 /* Sources */ = {
			isa = PBXGroup;
			children = (
				E0A973C4C090FA16D3513AF7 /* Scenes */,
				58AF1227DEEFC3F2A3DCB532 /* HomeBuilder.swift */,
				ED7F45F622F8DF721653AD7D /* HomeFeatureRouteHandler.swift */,
			);
			path = Sources;
			sourceTree = "<group>";
		};
		D9EFC55322855ADEDE22A54E /* Sources */ = {
			isa = PBXGroup;
			children = (
				7B26191D2E82CFD959C7744E /* Bundle+HomeFeature.swift */,
				9AD3ED9821FBC7F9917CF81D /* Bundle+HomeFeatureSample.swift */,
				36D90A0314A43A35EAB67B40 /* Bundle+HomeFeatureTests.swift */,
			);
			path = Sources;
			sourceTree = "<group>";
		};
		E0A973C4C090FA16D3513AF7 /* Scenes */ = {
			isa = PBXGroup;
			children = (
				AA745B0A649D2484930A2E4F /* FallbackViewController.swift */,
				4685A6F868C10BF45BAB4831 /* MainViewController.swift */,
			);
			path = Scenes;
			sourceTree = "<group>";
		};
		F45C387154F754C75A260EFC /* HomeFeature */ = {
			isa = PBXGroup;
			children = (
				3D58B0961CDD3B16BB95BCDD /* Resources */,
				D69E660010E16ED9C749B3A3 /* Sources */,
			);
			path = HomeFeature;
			sourceTree = "<group>";
		};
/* End PBXGroup section */

/* Begin PBXNativeTarget section */
		24DBE55391BEB954D6333D1C /* HomeFeatureTests */ = {
			isa = PBXNativeTarget;
			buildConfigurationList = 8C5592F0593438220F9D6249 /* Build configuration list for PBXNativeTarget "HomeFeatureTests" */;
			buildPhases = (
				EFFCD0DB5E5C261FC29147D4 /* Sources */,
				BE382D9F0EFC4741219D4965 /* Resources */,
				26D3F6B32582443EEF6798CF /* Embed Precompiled Frameworks */,
				C3FBC35DFFFA356DA70363F9 /* Embed Frameworks */,
				C3B94196FA29CC0CCE734A0D /* Frameworks */,
				72ED680D36C1A09600F2235F /* Dependencies */,
			);
			buildRules = (
			);
			dependencies = (
				60940AF440386E5B090539EB /* PBXTargetDependency */,
			);
			name = HomeFeatureTests;
			productName = HomeFeatureTests;
			productReference = D143B66E80414AC4269259BD /* HomeFeatureTests.xctest */;
			productType = "com.apple.product-type.bundle.unit-test";
		};
		AD64F15EA4F4EDFD4596D0E8 /* HomeFeatureSample */ = {
			isa = PBXNativeTarget;
			buildConfigurationList = 6DCCD356008319CB68D03ADA /* Build configuration list for PBXNativeTarget "HomeFeatureSample" */;
			buildPhases = (
				E6C4E3E064E9FAE1567853EE /* Sources */,
				FB93B3A57C321BE105F7C431 /* Resources */,
				F4DF50B763981276E1AF8B59 /* Embed Precompiled Frameworks */,
				C48E99DBFCC0F56F63B23CEE /* Embed Frameworks */,
				956D47DE046F38C4C78F4E7E /* Frameworks */,
				C10B5AB571321F2B51109D26 /* Dependencies */,
			);
			buildRules = (
			);
			dependencies = (
				C3882AA0EF0831279F892E69 /* PBXTargetDependency */,
			);
			name = HomeFeatureSample;
			productName = HomeFeatureSample;
			productReference = 7AFF68CEA163A9DD5189B0D4 /* HomeFeatureSample.app */;
			productType = "com.apple.product-type.application";
		};
		DA63F18E567CF83B0B9CA9F6 /* HomeFeature */ = {
			isa = PBXNativeTarget;
			buildConfigurationList = 08758F9337AD225FD5C2ED34 /* Build configuration list for PBXNativeTarget "HomeFeature" */;
			buildPhases = (
				40A2A9D6915747A0C82940B8 /* Sources */,
				FC0977D78FC34A03045CFBC4 /* Resources */,
				4B4885B25E56D0D6B6E53FBE /* Embed Precompiled Frameworks */,
				C7021F331946583858276BE6 /* Embed Frameworks */,
				554B8008DDBA8B5E9D746B54 /* Frameworks */,
				70F2A3C10D40F429A7AEDAE2 /* Dependencies */,
			);
			buildRules = (
			);
			dependencies = (
				AF2812D347D14B00FF5B5320 /* PBXTargetDependency */,
			);
			name = HomeFeature;
			productName = HomeFeature;
			productReference = 8D4F0C22F89FB7B9D3086B8A /* HomeFeature.framework */;
			productType = "com.apple.product-type.framework";
		};
		F8E6D08D5C7A46F9B506DDB1 /* HomeFeatureResources */ = {
			isa = PBXNativeTarget;
			buildConfigurationList = B5FA8F84B40DE36F4667373E /* Build configuration list for PBXNativeTarget "HomeFeatureResources" */;
			buildPhases = (
				04D0425C7354C3842D61BCB4 /* Resources */,
				28B138DF979C62975C783996 /* Embed Precompiled Frameworks */,
				D8FB0E46F874E7BB12996E7E /* Embed Frameworks */,
				82C5D6A0862D83DC7C56DDF4 /* Frameworks */,
			);
			buildRules = (
			);
			dependencies = (
			);
			name = HomeFeatureResources;
			productName = HomeFeatureResources;
			productReference = 28D456EEFA8078B5B1CCD763 /* HomeFeatureResources.bundle */;
			productType = "com.apple.product-type.bundle";
		};
/* End PBXNativeTarget section */

/* Begin PBXProject section */
		A3679FE33D4821E934375D6C /* Project object */ = {
			isa = PBXProject;
			attributes = {
				ORGANIZATIONNAME = "Scalable Monorepo";
				TargetAttributes = {
				};
			};
			buildConfigurationList = 12F686431BB664E5B27046D9 /* Build configuration list for PBXProject "HomeFeature" */;
			compatibilityVersion = "Xcode 9.3";
			developmentRegion = en;
			hasScannedForEncodings = 0;
			knownRegions = (
				Base,
				en,
			);
			mainGroup = 19B8BBE08D429E260495A3C7;
			productRefGroup = 6A3099FDF1E334C51D9BD67D /* Products */;
			projectDirPath = "";
			projectRoot = "";
			targets = (
				AD64F15EA4F4EDFD4596D0E8 /* HomeFeatureSample */,
				DA63F18E567CF83B0B9CA9F6 /* HomeFeature */,
				F8E6D08D5C7A46F9B506DDB1 /* HomeFeatureResources */,
				24DBE55391BEB954D6333D1C /* HomeFeatureTests */,
			);
		};
/* End PBXProject section */

/* Begin PBXResourcesBuildPhase section */
		04D0425C7354C3842D61BCB4 /* Resources */ = {
			isa = PBXResourcesBuildPhase;
			buildActionMask = 2147483647;
			files = (
				3D7D8648D40964D80868E8B0 /* Template.swift in Resources */,
			);
			runOnlyForDeploymentPostprocessing = 0;
		};
		BE382D9F0EFC4741219D4965 /* Resources */ = {
			isa = PBXResourcesBuildPhase;
			buildActionMask = 2147483647;
			files = (
				7F736F1F5C1976305BD808CD /* Template.swift in Resources */,
				AA13F8E28A4D449B7CDEFF97 /* HomeFeatureResources.bundle in Resources */,
			);
			runOnlyForDeploymentPostprocessing = 0;
		};
		FB93B3A57C321BE105F7C431 /* Resources */ = {
			isa = PBXResourcesBuildPhase;
			buildActionMask = 2147483647;
			files = (
				77F77F6E80C3F77426DB7FA4 /* Template.swift in Resources */,
				4DDB22EB83EAE3A87258CE4C /* HomeFeatureResources.bundle in Resources */,
				4084115517B4BA6D5859DD35 /* UIHelperResources.bundle in Resources */,
				F7A154A276F0C15A5AC65622 /* NetworkServiceResources.bundle in Resources */,
			);
			runOnlyForDeploymentPostprocessing = 0;
		};
		FC0977D78FC34A03045CFBC4 /* Resources */ = {
			isa = PBXResourcesBuildPhase;
			buildActionMask = 2147483647;
			files = (
			);
			runOnlyForDeploymentPostprocessing = 0;
		};
/* End PBXResourcesBuildPhase section */

/* Begin PBXShellScriptBuildPhase section */
		26D3F6B32582443EEF6798CF /* Embed Precompiled Frameworks */ = {
			isa = PBXShellScriptBuildPhase;
			buildActionMask = 2147483647;
			files = (
			);
			inputPaths = (
			);
			name = "Embed Precompiled Frameworks";
			outputPaths = (
			);
			runOnlyForDeploymentPostprocessing = 0;
			shellPath = /bin/sh;
			shellScript = "echo \"Skipping, nothing to be embedded.\"";
		};
		28B138DF979C62975C783996 /* Embed Precompiled Frameworks */ = {
			isa = PBXShellScriptBuildPhase;
			buildActionMask = 2147483647;
			files = (
			);
			inputPaths = (
			);
			name = "Embed Precompiled Frameworks";
			outputPaths = (
			);
			runOnlyForDeploymentPostprocessing = 0;
			shellPath = /bin/sh;
			shellScript = "echo \"Skipping, nothing to be embedded.\"";
		};
		4B4885B25E56D0D6B6E53FBE /* Embed Precompiled Frameworks */ = {
			isa = PBXShellScriptBuildPhase;
			buildActionMask = 2147483647;
			files = (
			);
			inputPaths = (
			);
			name = "Embed Precompiled Frameworks";
			outputPaths = (
			);
			runOnlyForDeploymentPostprocessing = 0;
			shellPath = /bin/sh;
			shellScript = "echo \"Skipping, nothing to be embedded.\"";
		};
		F4DF50B763981276E1AF8B59 /* Embed Precompiled Frameworks */ = {
			isa = PBXShellScriptBuildPhase;
			buildActionMask = 2147483647;
			files = (
			);
			inputPaths = (
			);
			name = "Embed Precompiled Frameworks";
			outputPaths = (
			);
			runOnlyForDeploymentPostprocessing = 0;
			shellPath = /bin/sh;
			shellScript = "echo \"Skipping, nothing to be embedded.\"";
		};
/* End PBXShellScriptBuildPhase section */

/* Begin PBXSourcesBuildPhase section */
		40A2A9D6915747A0C82940B8 /* Sources */ = {
			isa = PBXSourcesBuildPhase;
			buildActionMask = 2147483647;
			files = (
				E1AC468CB3D8CBE137261629 /* Bundle+HomeFeature.swift in Sources */,
				BB2981349A77C562909E08E1 /* HomeBuilder.swift in Sources */,
				C0D49B3D0D4213C78BAFA956 /* HomeFeatureRouteHandler.swift in Sources */,
				E8BF264340786EBF24B9AC9F /* FallbackViewController.swift in Sources */,
				C8B0C6A369B3AA20E5B2E542 /* MainViewController.swift in Sources */,
			);
			runOnlyForDeploymentPostprocessing = 0;
		};
		E6C4E3E064E9FAE1567853EE /* Sources */ = {
			isa = PBXSourcesBuildPhase;
			buildActionMask = 2147483647;
			files = (
				5B1D51378A11E01BB695E7D6 /* Bundle+HomeFeatureSample.swift in Sources */,
				54E5C1E39DA3BFD50121DD2B /* Template.swift in Sources */,
			);
			runOnlyForDeploymentPostprocessing = 0;
		};
		EFFCD0DB5E5C261FC29147D4 /* Sources */ = {
			isa = PBXSourcesBuildPhase;
			buildActionMask = 2147483647;
			files = (
				9ECFCED42CBAFF8E645AB8A3 /* Bundle+HomeFeatureTests.swift in Sources */,
				9D6693D81F925C452CC30B4F /* Template.swift in Sources */,
			);
			runOnlyForDeploymentPostprocessing = 0;
		};
/* End PBXSourcesBuildPhase section */

/* Begin PBXTargetDependency section */
		60940AF440386E5B090539EB /* PBXTargetDependency */ = {
			isa = PBXTargetDependency;
			name = HomeFeature;
			target = DA63F18E567CF83B0B9CA9F6 /* HomeFeature */;
			targetProxy = FA2FD52202561226C24CF955 /* PBXContainerItemProxy */;
		};
		AF2812D347D14B00FF5B5320 /* PBXTargetDependency */ = {
			isa = PBXTargetDependency;
			name = HomeFeatureResources;
			target = F8E6D08D5C7A46F9B506DDB1 /* HomeFeatureResources */;
			targetProxy = EFDFA88B033ADB2F853956E4 /* PBXContainerItemProxy */;
		};
		C3882AA0EF0831279F892E69 /* PBXTargetDependency */ = {
			isa = PBXTargetDependency;
			name = HomeFeature;
			target = DA63F18E567CF83B0B9CA9F6 /* HomeFeature */;
			targetProxy = 7FDD3CA214E08301B51D3390 /* PBXContainerItemProxy */;
		};
/* End PBXTargetDependency section */

/* Begin XCBuildConfiguration section */
		00AE3841C15A5235CB766824 /* Debug */ = {
			isa = XCBuildConfiguration;
			buildSettings = {
				CODE_SIGN_IDENTITY = "iPhone Developer";
				INFOPLIST_FILE = Derived/InfoPlists/HomeFeatureResources.plist;
				IPHONEOS_DEPLOYMENT_TARGET = 11.0;
				PRODUCT_BUNDLE_IDENTIFIER = com.scalablemonorepo.HomeFeature.resources;
				PRODUCT_NAME = HomeFeatureResources;
				SDKROOT = iphoneos;
				SUPPORTED_PLATFORMS = "iphonesimulator iphoneos";
				SWIFT_ACTIVE_COMPILATION_CONDITIONS = DEBUG;
				SWIFT_COMPILATION_MODE = singlefile;
				SWIFT_OPTIMIZATION_LEVEL = "-Onone";
				SWIFT_VERSION = 5.4.2;
				TARGETED_DEVICE_FAMILY = 1;
			};
			name = Debug;
		};
		5D1FE6D3A3D4C3654F8FAB57 /* Release */ = {
			isa = XCBuildConfiguration;
			buildSettings = {
				ALWAYS_SEARCH_USER_PATHS = NO;
				CLANG_ANALYZER_NONNULL = YES;
				CLANG_ANALYZER_NUMBER_OBJECT_CONVERSION = YES_AGGRESSIVE;
				CLANG_CXX_LANGUAGE_STANDARD = "gnu++14";
				CLANG_CXX_LIBRARY = "libc++";
				CLANG_ENABLE_MODULES = YES;
				CLANG_ENABLE_OBJC_ARC = YES;
				CLANG_ENABLE_OBJC_WEAK = YES;
				CLANG_WARN_BLOCK_CAPTURE_AUTORELEASING = YES;
				CLANG_WARN_BOOL_CONVERSION = YES;
				CLANG_WARN_COMMA = YES;
				CLANG_WARN_CONSTANT_CONVERSION = YES;
				CLANG_WARN_DEPRECATED_OBJC_IMPLEMENTATIONS = YES;
				CLANG_WARN_DIRECT_OBJC_ISA_USAGE = YES_ERROR;
				CLANG_WARN_DOCUMENTATION_COMMENTS = YES;
				CLANG_WARN_EMPTY_BODY = YES;
				CLANG_WARN_ENUM_CONVERSION = YES;
				CLANG_WARN_INFINITE_RECURSION = YES;
				CLANG_WARN_INT_CONVERSION = YES;
				CLANG_WARN_NON_LITERAL_NULL_CONVERSION = YES;
				CLANG_WARN_OBJC_IMPLICIT_RETAIN_SELF = YES;
				CLANG_WARN_OBJC_LITERAL_CONVERSION = YES;
				CLANG_WARN_OBJC_ROOT_CLASS = YES_ERROR;
				CLANG_WARN_QUOTED_INCLUDE_IN_FRAMEWORK_HEADER = YES;
				CLANG_WARN_RANGE_LOOP_ANALYSIS = YES;
				CLANG_WARN_STRICT_PROTOTYPES = YES;
				CLANG_WARN_SUSPICIOUS_MOVE = YES;
				CLANG_WARN_UNGUARDED_AVAILABILITY = YES_AGGRESSIVE;
				CLANG_WARN_UNREACHABLE_CODE = YES;
				CLANG_WARN__DUPLICATE_METHOD_MATCH = YES;
				COPY_PHASE_STRIP = NO;
				DEBUG_INFORMATION_FORMAT = "dwarf-with-dsym";
				ENABLE_NS_ASSERTIONS = NO;
				ENABLE_STRICT_OBJC_MSGSEND = YES;
				GCC_C_LANGUAGE_STANDARD = gnu11;
				GCC_NO_COMMON_BLOCKS = YES;
				GCC_WARN_64_TO_32_BIT_CONVERSION = YES;
				GCC_WARN_ABOUT_RETURN_TYPE = YES_ERROR;
				GCC_WARN_UNDECLARED_SELECTOR = YES;
				GCC_WARN_UNINITIALIZED_AUTOS = YES_AGGRESSIVE;
				GCC_WARN_UNUSED_FUNCTION = YES;
				GCC_WARN_UNUSED_VARIABLE = YES;
				MTL_ENABLE_DEBUG_INFO = NO;
				PRODUCT_NAME = "$(TARGET_NAME)";
				VALIDATE_PRODUCT = YES;
			};
			name = Release;
		};
		5FB999DD710F5A6907F9119D /* Debug */ = {
			isa = XCBuildConfiguration;
			buildSettings = {
				ASSETCATALOG_COMPILER_APPICON_NAME = AppIcon;
				CODE_SIGN_IDENTITY = "iPhone Developer";
				ENABLE_PREVIEWS = YES;
				INFOPLIST_FILE = Derived/InfoPlists/HomeFeatureSample.plist;
				IPHONEOS_DEPLOYMENT_TARGET = 14.0;
				LD_RUNPATH_SEARCH_PATHS = (
					"$(inherited)",
					"@executable_path/Frameworks",
				);
				PRODUCT_BUNDLE_IDENTIFIER = com.scalablemonorepo.HomeFeatureSample;
				PRODUCT_NAME = HomeFeatureSample;
				SDKROOT = iphoneos;
				SUPPORTED_PLATFORMS = "iphonesimulator iphoneos";
				SWIFT_ACTIVE_COMPILATION_CONDITIONS = DEBUG;
				SWIFT_COMPILATION_MODE = singlefile;
				SWIFT_OPTIMIZATION_LEVEL = "-Onone";
				SWIFT_VERSION = 5.4.2;
				TARGETED_DEVICE_FAMILY = 1;
			};
			name = Debug;
		};
		6A94FCFD0A8640985C91264C /* Debug */ = {
			isa = XCBuildConfiguration;
			buildSettings = {
				CODE_SIGN_IDENTITY = "";
				CURRENT_PROJECT_VERSION = 1;
				DEFINES_MODULE = YES;
				DYLIB_COMPATIBILITY_VERSION = 1;
				DYLIB_CURRENT_VERSION = 1;
				DYLIB_INSTALL_NAME_BASE = "@rpath";
				INFOPLIST_FILE = Derived/InfoPlists/HomeFeature.plist;
				INSTALL_PATH = "$(LOCAL_LIBRARY_DIR)/Frameworks";
				IPHONEOS_DEPLOYMENT_TARGET = 11.0;
				LD_RUNPATH_SEARCH_PATHS = (
					"$(inherited)",
					"@executable_path/Frameworks",
					"@loader_path/Frameworks",
				);
				MACH_O_TYPE = staticlib;
				PRODUCT_BUNDLE_IDENTIFIER = com.scalablemonorepo.HomeFeature;
				PRODUCT_NAME = HomeFeature;
				SDKROOT = iphoneos;
				SKIP_INSTALL = YES;
				SUPPORTED_PLATFORMS = "iphonesimulator iphoneos";
				SWIFT_ACTIVE_COMPILATION_CONDITIONS = DEBUG;
				SWIFT_COMPILATION_MODE = singlefile;
				SWIFT_OPTIMIZATION_LEVEL = "-Onone";
				SWIFT_VERSION = 5.4.2;
				TARGETED_DEVICE_FAMILY = 1;
				VERSIONING_SYSTEM = "apple-generic";
				VERSION_INFO_PREFIX = "";
			};
			name = Debug;
		};
		7879218F59354C4EF65D70D1 /* Debug */ = {
			isa = XCBuildConfiguration;
			buildSettings = {
				ALWAYS_SEARCH_USER_PATHS = NO;
				CLANG_ANALYZER_NONNULL = YES;
				CLANG_ANALYZER_NUMBER_OBJECT_CONVERSION = YES_AGGRESSIVE;
				CLANG_CXX_LANGUAGE_STANDARD = "gnu++14";
				CLANG_CXX_LIBRARY = "libc++";
				CLANG_ENABLE_MODULES = YES;
				CLANG_ENABLE_OBJC_ARC = YES;
				CLANG_ENABLE_OBJC_WEAK = YES;
				CLANG_WARN_BLOCK_CAPTURE_AUTORELEASING = YES;
				CLANG_WARN_BOOL_CONVERSION = YES;
				CLANG_WARN_COMMA = YES;
				CLANG_WARN_CONSTANT_CONVERSION = YES;
				CLANG_WARN_DEPRECATED_OBJC_IMPLEMENTATIONS = YES;
				CLANG_WARN_DIRECT_OBJC_ISA_USAGE = YES_ERROR;
				CLANG_WARN_DOCUMENTATION_COMMENTS = YES;
				CLANG_WARN_EMPTY_BODY = YES;
				CLANG_WARN_ENUM_CONVERSION = YES;
				CLANG_WARN_INFINITE_RECURSION = YES;
				CLANG_WARN_INT_CONVERSION = YES;
				CLANG_WARN_NON_LITERAL_NULL_CONVERSION = YES;
				CLANG_WARN_OBJC_IMPLICIT_RETAIN_SELF = YES;
				CLANG_WARN_OBJC_LITERAL_CONVERSION = YES;
				CLANG_WARN_OBJC_ROOT_CLASS = YES_ERROR;
				CLANG_WARN_QUOTED_INCLUDE_IN_FRAMEWORK_HEADER = YES;
				CLANG_WARN_RANGE_LOOP_ANALYSIS = YES;
				CLANG_WARN_STRICT_PROTOTYPES = YES;
				CLANG_WARN_SUSPICIOUS_MOVE = YES;
				CLANG_WARN_UNGUARDED_AVAILABILITY = YES_AGGRESSIVE;
				CLANG_WARN_UNREACHABLE_CODE = YES;
				CLANG_WARN__DUPLICATE_METHOD_MATCH = YES;
				COPY_PHASE_STRIP = NO;
				DEBUG_INFORMATION_FORMAT = dwarf;
				ENABLE_STRICT_OBJC_MSGSEND = YES;
				ENABLE_TESTABILITY = YES;
				GCC_C_LANGUAGE_STANDARD = gnu11;
				GCC_DYNAMIC_NO_PIC = NO;
				GCC_NO_COMMON_BLOCKS = YES;
				GCC_OPTIMIZATION_LEVEL = 0;
				GCC_PREPROCESSOR_DEFINITIONS = (
					"DEBUG=1",
					"$(inherited)",
				);
				GCC_WARN_64_TO_32_BIT_CONVERSION = YES;
				GCC_WARN_ABOUT_RETURN_TYPE = YES_ERROR;
				GCC_WARN_UNDECLARED_SELECTOR = YES;
				GCC_WARN_UNINITIALIZED_AUTOS = YES_AGGRESSIVE;
				GCC_WARN_UNUSED_FUNCTION = YES;
				GCC_WARN_UNUSED_VARIABLE = YES;
				MTL_ENABLE_DEBUG_INFO = YES;
				ONLY_ACTIVE_ARCH = YES;
				PRODUCT_NAME = "$(TARGET_NAME)";
			};
			name = Debug;
		};
		8C45326AC630AA83BB0E0B05 /* Release */ = {
			isa = XCBuildConfiguration;
			buildSettings = {
				CODE_SIGN_IDENTITY = "";
				CURRENT_PROJECT_VERSION = 1;
				DEFINES_MODULE = YES;
				DYLIB_COMPATIBILITY_VERSION = 1;
				DYLIB_CURRENT_VERSION = 1;
				DYLIB_INSTALL_NAME_BASE = "@rpath";
				INFOPLIST_FILE = Derived/InfoPlists/HomeFeature.plist;
				INSTALL_PATH = "$(LOCAL_LIBRARY_DIR)/Frameworks";
				IPHONEOS_DEPLOYMENT_TARGET = 11.0;
				LD_RUNPATH_SEARCH_PATHS = (
					"$(inherited)",
					"@executable_path/Frameworks",
					"@loader_path/Frameworks",
				);
				MACH_O_TYPE = staticlib;
				PRODUCT_BUNDLE_IDENTIFIER = com.scalablemonorepo.HomeFeature;
				PRODUCT_NAME = HomeFeature;
				SDKROOT = iphoneos;
				SKIP_INSTALL = YES;
				SUPPORTED_PLATFORMS = "iphonesimulator iphoneos";
				SWIFT_COMPILATION_MODE = wholemodule;
				SWIFT_OPTIMIZATION_LEVEL = "-Owholemodule";
				SWIFT_VERSION = 5.4.2;
				TARGETED_DEVICE_FAMILY = 1;
				VERSIONING_SYSTEM = "apple-generic";
				VERSION_INFO_PREFIX = "";
			};
			name = Release;
		};
		8D3F1B3566669AABFF376348 /* Release */ = {
			isa = XCBuildConfiguration;
			buildSettings = {
				CODE_SIGN_IDENTITY = "iPhone Developer";
				INFOPLIST_FILE = Derived/InfoPlists/HomeFeatureTests.plist;
				LD_RUNPATH_SEARCH_PATHS = (
					"$(inherited)",
					"@executable_path/Frameworks",
					"@loader_path/Frameworks",
				);
				PRODUCT_BUNDLE_IDENTIFIER = com.scalablemonorepo.HomeFeatureTests;
				PRODUCT_NAME = HomeFeatureTests;
				SDKROOT = iphoneos;
				SUPPORTED_PLATFORMS = "iphonesimulator iphoneos";
				SWIFT_COMPILATION_MODE = wholemodule;
				SWIFT_OPTIMIZATION_LEVEL = "-Owholemodule";
				SWIFT_VERSION = 5.4.2;
				TARGETED_DEVICE_FAMILY = "1,2";
			};
			name = Release;
		};
		D8AD0635AB27C6A74C12073C /* Debug */ = {
			isa = XCBuildConfiguration;
			buildSettings = {
				CODE_SIGN_IDENTITY = "iPhone Developer";
				INFOPLIST_FILE = Derived/InfoPlists/HomeFeatureTests.plist;
				LD_RUNPATH_SEARCH_PATHS = (
					"$(inherited)",
					"@executable_path/Frameworks",
					"@loader_path/Frameworks",
				);
				PRODUCT_BUNDLE_IDENTIFIER = com.scalablemonorepo.HomeFeatureTests;
				PRODUCT_NAME = HomeFeatureTests;
				SDKROOT = iphoneos;
				SUPPORTED_PLATFORMS = "iphonesimulator iphoneos";
				SWIFT_ACTIVE_COMPILATION_CONDITIONS = DEBUG;
				SWIFT_COMPILATION_MODE = singlefile;
				SWIFT_OPTIMIZATION_LEVEL = "-Onone";
				SWIFT_VERSION = 5.4.2;
				TARGETED_DEVICE_FAMILY = "1,2";
			};
			name = Debug;
		};
		E6119B178C50246101F0340F /* Release */ = {
			isa = XCBuildConfiguration;
			buildSettings = {
				ASSETCATALOG_COMPILER_APPICON_NAME = AppIcon;
				CODE_SIGN_IDENTITY = "iPhone Developer";
				ENABLE_PREVIEWS = YES;
				INFOPLIST_FILE = Derived/InfoPlists/HomeFeatureSample.plist;
				IPHONEOS_DEPLOYMENT_TARGET = 14.0;
				LD_RUNPATH_SEARCH_PATHS = (
					"$(inherited)",
					"@executable_path/Frameworks",
				);
				PRODUCT_BUNDLE_IDENTIFIER = com.scalablemonorepo.HomeFeatureSample;
				PRODUCT_NAME = HomeFeatureSample;
				SDKROOT = iphoneos;
				SUPPORTED_PLATFORMS = "iphonesimulator iphoneos";
				SWIFT_COMPILATION_MODE = wholemodule;
				SWIFT_OPTIMIZATION_LEVEL = "-Owholemodule";
				SWIFT_VERSION = 5.4.2;
				TARGETED_DEVICE_FAMILY = 1;
			};
			name = Release;
		};
		FAAF3885D96FBE76CCE397B3 /* Release */ = {
			isa = XCBuildConfiguration;
			buildSettings = {
				CODE_SIGN_IDENTITY = "iPhone Developer";
				INFOPLIST_FILE = Derived/InfoPlists/HomeFeatureResources.plist;
				IPHONEOS_DEPLOYMENT_TARGET = 11.0;
				PRODUCT_BUNDLE_IDENTIFIER = com.scalablemonorepo.HomeFeature.resources;
				PRODUCT_NAME = HomeFeatureResources;
				SDKROOT = iphoneos;
				SUPPORTED_PLATFORMS = "iphonesimulator iphoneos";
				SWIFT_COMPILATION_MODE = wholemodule;
				SWIFT_OPTIMIZATION_LEVEL = "-Owholemodule";
				SWIFT_VERSION = 5.4.2;
				TARGETED_DEVICE_FAMILY = 1;
			};
			name = Release;
		};
/* End XCBuildConfiguration section */

/* Begin XCConfigurationList section */
		08758F9337AD225FD5C2ED34 /* Build configuration list for PBXNativeTarget "HomeFeature" */ = {
			isa = XCConfigurationList;
			buildConfigurations = (
				6A94FCFD0A8640985C91264C /* Debug */,
				8C45326AC630AA83BB0E0B05 /* Release */,
			);
			defaultConfigurationIsVisible = 0;
			defaultConfigurationName = Release;
		};
		12F686431BB664E5B27046D9 /* Build configuration list for PBXProject "HomeFeature" */ = {
			isa = XCConfigurationList;
			buildConfigurations = (
				7879218F59354C4EF65D70D1 /* Debug */,
				5D1FE6D3A3D4C3654F8FAB57 /* Release */,
			);
			defaultConfigurationIsVisible = 0;
			defaultConfigurationName = Release;
		};
		6DCCD356008319CB68D03ADA /* Build configuration list for PBXNativeTarget "HomeFeatureSample" */ = {
			isa = XCConfigurationList;
			buildConfigurations = (
				5FB999DD710F5A6907F9119D /* Debug */,
				E6119B178C50246101F0340F /* Release */,
			);
			defaultConfigurationIsVisible = 0;
			defaultConfigurationName = Release;
		};
		8C5592F0593438220F9D6249 /* Build configuration list for PBXNativeTarget "HomeFeatureTests" */ = {
			isa = XCConfigurationList;
			buildConfigurations = (
				D8AD0635AB27C6A74C12073C /* Debug */,
				8D3F1B3566669AABFF376348 /* Release */,
			);
			defaultConfigurationIsVisible = 0;
			defaultConfigurationName = Release;
		};
		B5FA8F84B40DE36F4667373E /* Build configuration list for PBXNativeTarget "HomeFeatureResources" */ = {
			isa = XCConfigurationList;
			buildConfigurations = (
				00AE3841C15A5235CB766824 /* Debug */,
				FAAF3885D96FBE76CCE397B3 /* Release */,
			);
			defaultConfigurationIsVisible = 0;
			defaultConfigurationName = Release;
		};
/* End XCConfigurationList section */
	};
	rootObject = A3679FE33D4821E934375D6C /* Project object */;
}
